<?xml version="1.0" encoding="utf-8"?>
<Project ToolsVersion="4.0" xmlns="http://schemas.microsoft.com/developer/msbuild/2003">
  <ItemGroup>
    <ClCompile Include="libpng\png.c">
      <Filter>libpng</Filter>
    </ClCompile>
    <ClCompile Include="libpng\pngerror.c">
      <Filter>libpng</Filter>
    </ClCompile>
    <ClCompile Include="libpng\pngget.c">
      <Filter>libpng</Filter>
    </ClCompile>
    <ClCompile Include="libpng\pngmem.c">
      <Filter>libpng</Filter>
    </ClCompile>
    <ClCompile Include="libpng\pngpread.c">
      <Filter>libpng</Filter>
    </ClCompile>
    <ClCompile Include="libpng\pngread.c">
      <Filter>libpng</Filter>
    </ClCompile>
    <ClCompile Include="libpng\pngrio.c">
      <Filter>libpng</Filter>
    </ClCompile>
    <ClCompile Include="libpng\pngrtran.c">
      <Filter>libpng</Filter>
    </ClCompile>
    <ClCompile Include="libpng\pngrutil.c">
      <Filter>libpng</Filter>
    </ClCompile>
    <ClCompile Include="libpng\pngset.c">
      <Filter>libpng</Filter>
    </ClCompile>
    <ClCompile Include="libpng\pngsimd.c">
      <Filter>libpng</Filter>
    </ClCompile>
    <ClCompile Include="libpng\pngtest.c">
      <Filter>libpng</Filter>
    </ClCompile>
    <ClCompile Include="libpng\pngtrans.c">
      <Filter>libpng</Filter>
    </ClCompile>
    <ClCompile Include="libpng\pngwio.c">
      <Filter>libpng</Filter>
    </ClCompile>
    <ClCompile Include="libpng\pngwrite.c">
      <Filter>libpng</Filter>
    </ClCompile>
    <ClCompile Include="libpng\pngwtran.c">
      <Filter>libpng</Filter>
    </ClCompile>
    <ClCompile Include="libpng\pngwutil.c">
      <Filter>libpng</Filter>
    </ClCompile>
    <ClCompile Include="RectangleBinPack\MaxRectsBinPack.cpp">
      <Filter>RectangleBinPack</Filter>
    </ClCompile>
    <ClCompile Include="RectangleBinPack\Rect.cpp">
      <Filter>RectangleBinPack</Filter>
    </ClCompile>
    <ClCompile Include="libsquish\alpha.cpp">
      <Filter>libsquish</Filter>
    </ClCompile>
    <ClCompile Include="libsquish\clusterfit.cpp">
      <Filter>libsquish</Filter>
    </ClCompile>
    <ClCompile Include="libsquish\colourblock.cpp">
      <Filter>libsquish</Filter>
    </ClCompile>
    <ClCompile Include="libsquish\colourfit.cpp">
      <Filter>libsquish</Filter>
    </ClCompile>
    <ClCompile Include="libsquish\colourset.cpp">
      <Filter>libsquish</Filter>
    </ClCompile>
    <ClCompile Include="libsquish\maths.cpp">
      <Filter>libsquish</Filter>
    </ClCompile>
    <ClCompile Include="libsquish\rangefit.cpp">
      <Filter>libsquish</Filter>
    </ClCompile>
    <ClCompile Include="libsquish\singlecolourfit.cpp">
      <Filter>libsquish</Filter>
    </ClCompile>
    <ClCompile Include="libsquish\squish.cpp">
      <Filter>libsquish</Filter>
    </ClCompile>
    <ClCompile Include="zlib-ng\arch\x86\adler32_avx2.c">
      <Filter>zlib-ng\arch\x86</Filter>
    </ClCompile>
    <ClCompile Include="zlib-ng\arch\x86\adler32_avx512.c">
      <Filter>zlib-ng\arch\x86</Filter>
    </ClCompile>
    <ClCompile Include="zlib-ng\arch\x86\adler32_avx512_vnni.c">
      <Filter>zlib-ng\arch\x86</Filter>
    </ClCompile>
    <ClCompile Include="zlib-ng\arch\x86\chorba_sse2.c">
      <Filter>zlib-ng\arch\x86</Filter>
    </ClCompile>
    <ClCompile Include="zlib-ng\arch\x86\adler32_ssse3.c">
      <Filter>zlib-ng\arch\x86</Filter>
    </ClCompile>
    <ClCompile Include="zlib-ng\arch\x86\adler32_sse42.c">
      <Filter>zlib-ng\arch\x86</Filter>
    </ClCompile>
    <ClCompile Include="zlib-ng\arch\x86\chorba_sse41.c">
      <Filter>zlib-ng\arch\x86</Filter>
    </ClCompile>
    <ClCompile Include="zlib-ng\arch\x86\chunkset_avx2.c">
      <Filter>zlib-ng\arch\x86</Filter>
    </ClCompile>
    <ClCompile Include="zlib-ng\arch\x86\chunkset_avx512.c">
      <Filter>zlib-ng\arch\x86</Filter>
    </ClCompile>
    <ClCompile Include="zlib-ng\arch\x86\chunkset_ssse3.c">
      <Filter>zlib-ng\arch\x86</Filter>
    </ClCompile>
    <ClCompile Include="zlib-ng\arch\x86\chunkset_sse2.c">
      <Filter>zlib-ng\arch\x86</Filter>
    </ClCompile>
    <ClCompile Include="zlib-ng\arch\x86\compare256_avx2.c">
      <Filter>zlib-ng\arch\x86</Filter>
    </ClCompile>
    <ClCompile Include="zlib-ng\arch\x86\compare256_avx512.c">
      <Filter>zlib-ng\arch\x86</Filter>
    </ClCompile>
    <ClCompile Include="zlib-ng\arch\x86\compare256_sse2.c">
      <Filter>zlib-ng\arch\x86</Filter>
    </ClCompile>
    <ClCompile Include="zlib-ng\arch\arm\compare256_neon.c">
      <Filter>zlib-ng\arch\arm</Filter>
    </ClCompile>
    <ClCompile Include="zlib-ng\arch\arm\adler32_neon.c">
      <Filter>zlib-ng\arch\arm</Filter>
    </ClCompile>
    <ClCompile Include="zlib-ng\arch\arm\chunkset_neon.c">
      <Filter>zlib-ng\arch\arm</Filter>
    </ClCompile>
    <ClCompile Include="zlib-ng\arch\x86\slide_hash_avx2.c">
      <Filter>zlib-ng\arch\x86</Filter>
    </ClCompile>
    <ClCompile Include="zlib-ng\arch\x86\slide_hash_sse2.c">
      <Filter>zlib-ng\arch\x86</Filter>
    </ClCompile>
    <ClCompile Include="zlib-ng\arch\x86\x86_features.c">
      <Filter>zlib-ng\arch\x86</Filter>
    </ClCompile>
    <ClCompile Include="zlib-ng\adler32.c">
      <Filter>zlib-ng</Filter>
    </ClCompile>
    <ClCompile Include="zlib-ng\compress.c">
      <Filter>zlib-ng</Filter>
    </ClCompile>
    <ClCompile Include="zlib-ng\cpu_features.c">
      <Filter>zlib-ng</Filter>
    </ClCompile>
    <ClCompile Include="zlib-ng\crc32.c">
      <Filter>zlib-ng</Filter>
    </ClCompile>
    <ClCompile Include="zlib-ng\crc32_braid_comb.c">
      <Filter>zlib-ng</Filter>
    </ClCompile>
    <ClCompile Include="zlib-ng\deflate.c">
      <Filter>zlib-ng</Filter>
    </ClCompile>
    <ClCompile Include="zlib-ng\deflate_fast.c">
      <Filter>zlib-ng</Filter>
    </ClCompile>
    <ClCompile Include="zlib-ng\deflate_huff.c">
      <Filter>zlib-ng</Filter>
    </ClCompile>
    <ClCompile Include="zlib-ng\deflate_medium.c">
      <Filter>zlib-ng</Filter>
    </ClCompile>
    <ClCompile Include="zlib-ng\deflate_quick.c">
      <Filter>zlib-ng</Filter>
    </ClCompile>
    <ClCompile Include="zlib-ng\deflate_rle.c">
      <Filter>zlib-ng</Filter>
    </ClCompile>
    <ClCompile Include="zlib-ng\deflate_slow.c">
      <Filter>zlib-ng</Filter>
    </ClCompile>
    <ClCompile Include="zlib-ng\deflate_stored.c">
      <Filter>zlib-ng</Filter>
    </ClCompile>
    <ClCompile Include="zlib-ng\functable.c">
      <Filter>zlib-ng</Filter>
    </ClCompile>
    <ClCompile Include="zlib-ng\infback.c">
      <Filter>zlib-ng</Filter>
    </ClCompile>
    <ClCompile Include="zlib-ng\inflate.c">
      <Filter>zlib-ng</Filter>
    </ClCompile>
    <ClCompile Include="zlib-ng\inftrees.c">
      <Filter>zlib-ng</Filter>
    </ClCompile>
    <ClCompile Include="zlib-ng\insert_string.c">
      <Filter>zlib-ng</Filter>
    </ClCompile>
    <ClCompile Include="zlib-ng\trees.c">
      <Filter>zlib-ng</Filter>
    </ClCompile>
    <ClCompile Include="zlib-ng\uncompr.c">
      <Filter>zlib-ng</Filter>
    </ClCompile>
    <ClCompile Include="zlib-ng\zutil.c">
      <Filter>zlib-ng</Filter>
    </ClCompile>
    <ClCompile Include="zlib-ng\arch\generic\adler32_c.c">
      <Filter>zlib-ng\arch\generic</Filter>
    </ClCompile>
    <ClCompile Include="zlib-ng\arch\generic\chunkset_c.c">
      <Filter>zlib-ng\arch\generic</Filter>
    </ClCompile>
    <ClCompile Include="zlib-ng\arch\generic\compare256_c.c">
      <Filter>zlib-ng\arch\generic</Filter>
    </ClCompile>
    <ClCompile Include="zlib-ng\arch\generic\crc32_chorba_c.c">
      <Filter>zlib-ng\arch\generic</Filter>
    </ClCompile>
    <ClCompile Include="zlib-ng\arch\generic\crc32_braid_c.c">
      <Filter>zlib-ng\arch\generic</Filter>
    </ClCompile>
    <ClCompile Include="zlib-ng\arch\arm\arm_features.c">
      <Filter>zlib-ng\arch\arm</Filter>
    </ClCompile>
    <ClCompile Include="zlib-ng\arch\arm\crc32_armv8.c">
      <Filter>zlib-ng\arch\arm</Filter>
    </ClCompile>
    <ClCompile Include="zlib-ng\arch\arm\crc32_armv8_pmull_eor3.c">
      <Filter>zlib-ng\arch\arm</Filter>
    </ClCompile>
    <ClCompile Include="zlib-ng\arch\arm\slide_hash_armv6.c">
      <Filter>zlib-ng\arch\arm</Filter>
    </ClCompile>
    <ClCompile Include="zlib-ng\arch\arm\slide_hash_neon.c">
      <Filter>zlib-ng\arch\arm</Filter>
    </ClCompile>
    <ClCompile Include="zlib-ng\arch\x86\crc32_pclmulqdq.c">
      <Filter>zlib-ng\arch\x86</Filter>
    </ClCompile>
    <ClCompile Include="zlib-ng\arch\x86\crc32_vpclmulqdq.c">
      <Filter>zlib-ng\arch\x86</Filter>
    </ClCompile>
    <ClCompile Include="zlib-ng\arch\generic\slide_hash_c.c">
      <Filter>zlib-ng\arch\generic</Filter>
    </ClCompile>
  </ItemGroup>
  <ItemGroup>
    <ClInclude Include="Color3.hpp" />
    <ClInclude Include="Color4.hpp" />
    <ClInclude Include="Imaging.hpp" />
    <ClInclude Include="libpng\png.h">
      <Filter>libpng</Filter>
    </ClInclude>
    <ClInclude Include="libpng\pngconf.h">
      <Filter>libpng</Filter>
    </ClInclude>
    <ClInclude Include="libpng\pngdebug.h">
      <Filter>libpng</Filter>
    </ClInclude>
    <ClInclude Include="libpng\pnginfo.h">
      <Filter>libpng</Filter>
    </ClInclude>
    <ClInclude Include="libpng\pngpriv.h">
      <Filter>libpng</Filter>
    </ClInclude>
    <ClInclude Include="libpng\pngstruct.h">
      <Filter>libpng</Filter>
    </ClInclude>
    <ClInclude Include="libpng\pngtarget.h">
      <Filter>libpng</Filter>
    </ClInclude>
    <ClInclude Include="RectangleBinPack\MaxRectsBinPack.h">
      <Filter>RectangleBinPack</Filter>
    </ClInclude>
    <ClInclude Include="RectangleBinPack\Rect.h">
      <Filter>RectangleBinPack</Filter>
    </ClInclude>
    <ClInclude Include="libpng\intel\check.h">
      <Filter>libpng\intel</Filter>
    </ClInclude>
    <ClInclude Include="libpng\arm\check.h">
      <Filter>libpng\arm</Filter>
    </ClInclude>
    <ClInclude Include="libsquish\squish.h">
      <Filter>libsquish</Filter>
    </ClInclude>
    <ClInclude Include="libsquish\alpha.h">
      <Filter>libsquish</Filter>
    </ClInclude>
    <ClInclude Include="libsquish\clusterfit.h">
      <Filter>libsquish</Filter>
    </ClInclude>
    <ClInclude Include="libsquish\colourblock.h">
      <Filter>libsquish</Filter>
    </ClInclude>
    <ClInclude Include="libsquish\colourfit.h">
      <Filter>libsquish</Filter>
    </ClInclude>
    <ClInclude Include="libsquish\colourset.h">
      <Filter>libsquish</Filter>
    </ClInclude>
    <ClInclude Include="libsquish\config.h">
      <Filter>libsquish</Filter>
    </ClInclude>
    <ClInclude Include="libsquish\maths.h">
      <Filter>libsquish</Filter>
    </ClInclude>
    <ClInclude Include="libsquish\rangefit.h">
      <Filter>libsquish</Filter>
    </ClInclude>
    <ClInclude Include="libsquish\simd.h">
      <Filter>libsquish</Filter>
    </ClInclude>
    <ClInclude Include="libsquish\simd_float.h">
      <Filter>libsquish</Filter>
    </ClInclude>
    <ClInclude Include="libsquish\simd_sse.h">
      <Filter>libsquish</Filter>
    </ClInclude>
    <ClInclude Include="libsquish\simd_ve.h">
      <Filter>libsquish</Filter>
    </ClInclude>
    <ClInclude Include="libsquish\singlecolourfit.h">
      <Filter>libsquish</Filter>
    </ClInclude>
    <ClInclude Include="libpng\mips\check.h">
      <Filter>libpng\mips</Filter>
    </ClInclude>
    <ClInclude Include="libpng\mips\msacheck.h">
      <Filter>libpng\mips</Filter>
    </ClInclude>
    <ClInclude Include="libpng\powerpc\check.h">
      <Filter>libpng\powerpc</Filter>
    </ClInclude>
    <ClInclude Include="libpng\pnglibconf.h">
      <Filter>libpng</Filter>
    </ClInclude>
    <ClInclude Include="zlib-ng\arch\x86\adler32_avx2_p.h">
      <Filter>zlib-ng\arch\x86</Filter>
    </ClInclude>
    <ClInclude Include="zlib-ng\arch\x86\adler32_avx512_p.h">
      <Filter>zlib-ng\arch\x86</Filter>
    </ClInclude>
    <ClInclude Include="zlib-ng\arch\x86\adler32_ssse3_p.h">
      <Filter>zlib-ng\arch\x86</Filter>
    </ClInclude>
    <ClInclude Include="zlib-ng\arch\x86\x86_intrins.h">
      <Filter>zlib-ng\arch\x86</Filter>
    </ClInclude>
    <ClInclude Include="zlib-ng\arch\x86\x86_functions.h">
      <Filter>zlib-ng\arch\x86</Filter>
    </ClInclude>
    <ClInclude Include="zlib-ng\arch\x86\x86_features.h">
      <Filter>zlib-ng\arch\x86</Filter>
    </ClInclude>
    <ClInclude Include="zlib-ng\adler32_p.h">
      <Filter>zlib-ng</Filter>
    </ClInclude>
    <ClInclude Include="zlib-ng\arch_functions.h">
      <Filter>zlib-ng</Filter>
    </ClInclude>
    <ClInclude Include="zlib-ng\chunkset_tpl.h">
      <Filter>zlib-ng</Filter>
    </ClInclude>
    <ClInclude Include="zlib-ng\arch\generic\compare256_p.h">
      <Filter>zlib-ng</Filter>
    </ClInclude>
    <ClInclude Include="zlib-ng\compare256_rle.h">
      <Filter>zlib-ng</Filter>
    </ClInclude>
    <ClInclude Include="zlib-ng\cpu_features.h">
      <Filter>zlib-ng</Filter>
    </ClInclude>
    <ClInclude Include="zlib-ng\crc32.h">
      <Filter>zlib-ng</Filter>
    </ClInclude>
    <ClInclude Include="zlib-ng\crc32_braid_comb_p.h">
      <Filter>zlib-ng</Filter>
    </ClInclude>
    <ClInclude Include="zlib-ng\crc32_braid_p.h">
      <Filter>zlib-ng</Filter>
    </ClInclude>
    <ClInclude Include="zlib-ng\crc32_braid_tbl.h">
      <Filter>zlib-ng</Filter>
    </ClInclude>
    <ClInclude Include="zlib-ng\crc32_p.h">
      <Filter>zlib-ng</Filter>
    </ClInclude>
    <ClInclude Include="zlib-ng\deflate.h">
      <Filter>zlib-ng</Filter>
    </ClInclude>
    <ClInclude Include="zlib-ng\deflate_p.h">
      <Filter>zlib-ng</Filter>
    </ClInclude>
    <ClInclude Include="zlib-ng\fallback_builtins.h">
      <Filter>zlib-ng</Filter>
    </ClInclude>
    <ClInclude Include="zlib-ng\functable.h">
      <Filter>zlib-ng</Filter>
    </ClInclude>
    <ClInclude Include="zlib-ng\inffast_tpl.h">
      <Filter>zlib-ng</Filter>
    </ClInclude>
    <ClInclude Include="zlib-ng\inffixed_tbl.h">
      <Filter>zlib-ng</Filter>
    </ClInclude>
    <ClInclude Include="zlib-ng\inflate.h">
      <Filter>zlib-ng</Filter>
    </ClInclude>
    <ClInclude Include="zlib-ng\inflate_p.h">
      <Filter>zlib-ng</Filter>
    </ClInclude>
    <ClInclude Include="zlib-ng\inftrees.h">
      <Filter>zlib-ng</Filter>
    </ClInclude>
    <ClInclude Include="zlib-ng\insert_string_p.h">
      <Filter>zlib-ng</Filter>
    </ClInclude>
    <ClInclude Include="zlib-ng\insert_string_tpl.h">
      <Filter>zlib-ng</Filter>
    </ClInclude>
    <ClInclude Include="zlib-ng\match_tpl.h">
      <Filter>zlib-ng</Filter>
    </ClInclude>
    <ClInclude Include="zlib-ng\trees.h">
      <Filter>zlib-ng</Filter>
    </ClInclude>
    <ClInclude Include="zlib-ng\trees_emit.h">
      <Filter>zlib-ng</Filter>
    </ClInclude>
    <ClInclude Include="zlib-ng\trees_tbl.h">
      <Filter>zlib-ng</Filter>
    </ClInclude>
    <ClInclude Include="zlib-ng\zarch.h">
      <Filter>zlib-ng</Filter>
    </ClInclude>
    <ClInclude Include="zlib-ng\zbuild.h">
      <Filter>zlib-ng</Filter>
    </ClInclude>
    <ClInclude Include="zlib-ng\zconf.h">
      <Filter>zlib-ng</Filter>
    </ClInclude>
    <ClInclude Include="zlib-ng\zendian.h">
      <Filter>zlib-ng</Filter>
    </ClInclude>
    <ClInclude Include="zlib.h">
      <Filter>zlib-ng</Filter>
    </ClInclude>
    <ClInclude Include="zlib_name_mangling.h">
      <Filter>zlib-ng</Filter>
    </ClInclude>
    <ClInclude Include="zlib-ng\zmemory.h">
      <Filter>zlib-ng</Filter>
    </ClInclude>
    <ClInclude Include="zlib-ng\zutil.h">
      <Filter>zlib-ng</Filter>
    </ClInclude>
    <ClInclude Include="zlib-ng\arch\generic\chunk_256bit_perm_idx_lut.h">
      <Filter>zlib-ng\arch\generic</Filter>
    </ClInclude>
    <ClInclude Include="zlib-ng\arch\generic\chunk_128bit_perm_idx_lut.h">
      <Filter>zlib-ng\arch\generic</Filter>
    </ClInclude>
    <ClInclude Include="zlib-ng\arch\arm\arm_features.h">
      <Filter>zlib-ng\arch\arm</Filter>
    </ClInclude>
    <ClInclude Include="zlib-ng\arch\arm\acle_intrins.h">
      <Filter>zlib-ng\arch\arm</Filter>
    </ClInclude>
    <ClInclude Include="zlib-ng\arch\arm\arm_functions.h">
      <Filter>zlib-ng\arch\arm</Filter>
    </ClInclude>
    <ClInclude Include="zlib-ng\arch\arm\neon_intrins.h">
      <Filter>zlib-ng\arch\arm</Filter>
    </ClInclude>
    <ClInclude Include="zlib-ng\arch\x86\crc32_pclmulqdq_tpl.h">
      <Filter>zlib-ng\arch\x86</Filter>
    </ClInclude>
    <ClInclude Include="zlib-ng\arch\generic\chunk_permute_table.h">
      <Filter>zlib-ng\arch\generic</Filter>
    </ClInclude>
    <ClInclude Include="zlib-ng\arch\generic\generic_functions.h">
      <Filter>zlib-ng\arch\generic</Filter>
    </ClInclude>
    <ClInclude Include="Simd\AvxIntrinsics.hpp">
      <Filter>Simd</Filter>
    </ClInclude>
    <ClInclude Include="Simd\Float4.hpp">
      <Filter>Simd</Filter>
    </ClInclude>
    <ClInclude Include="Simd\Intrinsics.hpp">
      <Filter>Simd</Filter>
    </ClInclude>
    <ClInclude Include="Simd\Simd.hpp">
      <Filter>Simd</Filter>
    </ClInclude>
    <ClInclude Include="Simd\SseIntrinsics.hpp">
      <Filter>Simd</Filter>
    </ClInclude>
    <ClInclude Include="half\include\half.hpp">
      <Filter>half</Filter>
    </ClInclude>
    <ClInclude Include="Tuples\Tuple2.hpp">
      <Filter>Tuples</Filter>
    </ClInclude>
    <ClInclude Include="Tuples\Tuple3.hpp">
      <Filter>Tuples</Filter>
    </ClInclude>
    <ClInclude Include="Tuples\Tuple4.hpp">
      <Filter>Tuples</Filter>
    </ClInclude>
    <ClInclude Include="Tuples\Tuples.hpp">
      <Filter>Tuples</Filter>
    </ClInclude>
    <ClInclude Include="ChannelOrder.hpp" />
    <ClInclude Include="ColorMask.hpp" />
    <ClInclude Include="ColorSpace.hpp" />
    <ClInclude Include="ImageFormat.hpp" />
    <ClInclude Include="PixelFormat.hpp" />
  </ItemGroup>
  <ItemGroup>
    <Filter Include="libsquish">
      <UniqueIdentifier>{d4f2182a-b6c3-41cb-8221-c6ebe01f7ce1}</UniqueIdentifier>
    </Filter>
    <Filter Include="libpng">
      <UniqueIdentifier>{9ce85b6d-90dd-46bf-8151-092c560561fa}</UniqueIdentifier>
    </Filter>
    <Filter Include="RectangleBinPack">
      <UniqueIdentifier>{ec151f24-50cd-43de-a517-9e81c234811d}</UniqueIdentifier>
    </Filter>
    <Filter Include="libpng\intel">
      <UniqueIdentifier>{046953c5-245c-4e9f-a8ab-9dfef30c3b16}</UniqueIdentifier>
    </Filter>
    <Filter Include="libpng\arm">
      <UniqueIdentifier>{ee3fa13e-73cc-4504-9f4e-c44886f1c08c}</UniqueIdentifier>
    </Filter>
    <Filter Include="libpng\mips">
      <UniqueIdentifier>{276211e2-5c82-4fcc-bf91-f7b9ec5394a7}</UniqueIdentifier>
    </Filter>
    <Filter Include="libpng\powerpc">
      <UniqueIdentifier>{2cfe9793-03b6-4aa8-854f-a8719ac8cf78}</UniqueIdentifier>
    </Filter>
    <Filter Include="zlib-ng">
      <UniqueIdentifier>{3719adf9-a0c4-4434-8006-23bff0ba915d}</UniqueIdentifier>
    </Filter>
    <Filter Include="zlib-ng\arch">
      <UniqueIdentifier>{18c5a0d8-1d85-4ea4-992f-159ffd6a95c0}</UniqueIdentifier>
    </Filter>
    <Filter Include="zlib-ng\arch\arm">
      <UniqueIdentifier>{4872b3f5-d983-4a34-955b-f874c9a297d9}</UniqueIdentifier>
    </Filter>
    <Filter Include="zlib-ng\arch\x86">
      <UniqueIdentifier>{c192b8bd-4ee4-4dd8-b2de-c6c1d25368c4}</UniqueIdentifier>
    </Filter>
    <Filter Include="zlib-ng\arch\generic">
      <UniqueIdentifier>{5d9fad7b-f65f-43c2-9644-6472d4a88a6f}</UniqueIdentifier>
    </Filter>
    <Filter Include="Simd">
      <UniqueIdentifier>{0593eec1-6f79-4508-ae5f-1d3f345df7e1}</UniqueIdentifier>
    </Filter>
    <Filter Include="half">
      <UniqueIdentifier>{09df19f9-2b08-4ed5-86b9-1da8aa494742}</UniqueIdentifier>
    </Filter>
    <Filter Include="Tuples">
      <UniqueIdentifier>{032de987-d5e1-4380-8e1c-e09bb194c48d}</UniqueIdentifier>
    </Filter>
  </ItemGroup>
  <ItemGroup>
    <None Include="libsquish\singlecolourlookup.inl">
      <Filter>libsquish</Filter>
    </None>
    <None Include="Pixel.inl" />
  </ItemGroup>
</Project>